
Microsoft Visual Studio Solution File, Format Version 12.00
# Visual Studio Version 17
VisualStudioVersion = 17.9.34616.47
MinimumVisualStudioVersion = 10.0.40219.1
Project("{FAE04EC0-301F-11D3-BF4B-00C04F79EFBC}") = "RazorMovieWeb", "RazorMovieWeb\RazorMovieWeb.csproj", "{DC528CDE-C1AA-47F3-82F9-608F8DE87305}"
EndProject
Project("{FAE04EC0-301F-11D3-BF4B-00C04F79EFBC}") = "RazorMovie.DataAccess", "RazorMovie.DataAccess\RazorMovie.DataAccess.csproj", "{4174D345-A4A2-490E-B2BE-EBBB038D4A13}"
EndProject
Project("{FAE04EC0-301F-11D3-BF4B-00C04F79EFBC}") = "RazorMovie.Models", "RazorMovie.Models\RazorMovie.Models.csproj", "{599DC95B-5E47-4222-A94C-291529380D16}"
EndProject
Global
	GlobalSection(SolutionConfigurationPlatforms) = preSolution
		Debug|Any CPU = Debug|Any CPU
		Release|Any CPU = Release|Any CPU
	EndGlobalSection
	GlobalSection(ProjectConfigurationPlatforms) = postSolution
		{DC528CDE-C1AA-47F3-82F9-608F8DE87305}.Debug|Any CPU.ActiveCfg = Debug|Any CPU
		{DC528CDE-C1AA-47F3-82F9-608F8DE87305}.Debug|Any CPU.Build.0 = Debug|Any CPU
		{DC528CDE-C1AA-47F3-82F9-608F8DE87305}.Release|Any CPU.ActiveCfg = Release|Any CPU
		{DC528CDE-C1AA-47F3-82F9-608F8DE87305}.Release|Any CPU.Build.0 = Release|Any CPU
		{4174D345-A4A2-490E-B2BE-EBBB038D4A13}.Debug|Any CPU.ActiveCfg = Debug|Any CPU
		{4174D345-A4A2-490E-B2BE-EBBB038D4A13}.Debug|Any CPU.Build.0 = Debug|Any CPU
		{4174D345-A4A2-490E-B2BE-EBBB038D4A13}.Release|Any CPU.ActiveCfg = Release|Any CPU
		{4174D345-A4A2-490E-B2BE-EBBB038D4A13}.Release|Any CPU.Build.0 = Release|Any CPU
		{599DC95B-5E47-4222-A94C-291529380D16}.Debug|Any CPU.ActiveCfg = Debug|Any CPU
		{599DC95B-5E47-4222-A94C-291529380D16}.Debug|Any CPU.Build.0 = Debug|Any CPU
		{599DC95B-5E47-4222-A94C-291529380D16}.Release|Any CPU.ActiveCfg = Release|Any CPU
		{599DC95B-5E47-4222-A94C-291529380D16}.Release|Any CPU.Build.0 = Release|Any CPU
	EndGlobalSection
	GlobalSection(SolutionProperties) = preSolution
		HideSolutionNode = FALSE
	EndGlobalSection
	GlobalSection(ExtensibilityGlobals) = postSolution
		SolutionGuid = {AAFC4151-8502-4B02-95D2-696B9092367A}
	EndGlobalSection
EndGlobal
